// !$*UTF8*$!
{
	archiveVersion = 1;
	classes = {
	};
	objectVersion = 51;
	objects = {

/* Begin PBXBuildFile section */
		310D03822329563C007E96B7 /* AppDelegate.swift in Sources */ = {isa = PBXBuildFile; fileRef = 310D03812329563C007E96B7 /* AppDelegate.swift */; };
		310D03842329563C007E96B7 /* ViewController.swift in Sources */ = {isa = PBXBuildFile; fileRef = 310D03832329563C007E96B7 /* ViewController.swift */; };
		310D03872329563C007E96B7 /* Main.storyboard in Resources */ = {isa = PBXBuildFile; fileRef = 310D03852329563C007E96B7 /* Main.storyboard */; };
		310D038C2329563D007E96B7 /* Assets.xcassets in Resources */ = {isa = PBXBuildFile; fileRef = 310D038B2329563D007E96B7 /* Assets.xcassets */; };
		310D038F2329563D007E96B7 /* LaunchScreen.storyboard in Resources */ = {isa = PBXBuildFile; fileRef = 310D038D2329563D007E96B7 /* LaunchScreen.storyboard */; };
		31AE5A1723CE636A0096692C /* SwifteriOS.framework in Frameworks */ = {isa = PBXBuildFile; fileRef = 31AE5A1023CE63470096692C /* SwifteriOS.framework */; };
		31AE5A1823CE636A0096692C /* SwifteriOS.framework in Embed Frameworks */ = {isa = PBXBuildFile; fileRef = 31AE5A1023CE63470096692C /* SwifteriOS.framework */; settings = {ATTRIBUTES = (CodeSignOnCopy, RemoveHeadersOnCopy, ); }; };
		31AE5A4823CE7B2A0096692C /* PLSentimentClassifier.mlmodel in Sources */ = {isa = PBXBuildFile; fileRef = 31AE5A4723CE7B2A0096692C /* PLSentimentClassifier.mlmodel */; };
		5AAB5C58337E993AA5FD264F /* Pods_StockTweets.framework in Frameworks */ = {isa = PBXBuildFile; fileRef = 2C62DD8BA5F267EB55DA2904 /* Pods_StockTweets.framework */; };
/* End PBXBuildFile section */

/* Begin PBXContainerItemProxy section */
		31AE5A0D23CE63470096692C /* PBXContainerItemProxy */ = {
			isa = PBXContainerItemProxy;
			containerPortal = 31AE5A0523CE63470096692C /* Swifter.xcodeproj */;
			proxyType = 2;
			remoteGlobalIDString = 8B300C1F1944AA1A00993175;
			remoteInfo = SwifterDemoiOS;
		};
		31AE5A0F23CE63470096692C /* PBXContainerItemProxy */ = {
			isa = PBXContainerItemProxy;
			containerPortal = 31AE5A0523CE63470096692C /* Swifter.xcodeproj */;
			proxyType = 2;
			remoteGlobalIDString = 8B9F50EE1944A5AB00894629;
			remoteInfo = SwifteriOS;
		};
		31AE5A1123CE63470096692C /* PBXContainerItemProxy */ = {
			isa = PBXContainerItemProxy;
			containerPortal = 31AE5A0523CE63470096692C /* Swifter.xcodeproj */;
			proxyType = 2;
			remoteGlobalIDString = 8B9F51131944A61D00894629;
			remoteInfo = SwifterMac;
		};
		31AE5A1323CE63470096692C /* PBXContainerItemProxy */ = {
			isa = PBXContainerItemProxy;
			containerPortal = 31AE5A0523CE63470096692C /* Swifter.xcodeproj */;
			proxyType = 2;
			remoteGlobalIDString = 8B300C471944AECB00993175;
			remoteInfo = SwifterDemoMac;
		};
		31AE5A1523CE63470096692C /* PBXContainerItemProxy */ = {
			isa = PBXContainerItemProxy;
			containerPortal = 31AE5A0523CE63470096692C /* Swifter.xcodeproj */;
			proxyType = 2;
			remoteGlobalIDString = F6B4D5751C7BAC4500E06514;
			remoteInfo = SwifterTests;
		};
		31AE5A3023CE77D10096692C /* PBXContainerItemProxy */ = {
			isa = PBXContainerItemProxy;
			containerPortal = 31A88EDC232A0BE500E03AFE /* Swifter.xcodeproj */;
			proxyType = 2;
			remoteGlobalIDString = 8B300C1F1944AA1A00993175;
			remoteInfo = SwifterDemoiOS;
		};
		31AE5A3223CE77D10096692C /* PBXContainerItemProxy */ = {
			isa = PBXContainerItemProxy;
			containerPortal = 31A88EDC232A0BE500E03AFE /* Swifter.xcodeproj */;
			proxyType = 2;
			remoteGlobalIDString = 8B9F50EE1944A5AB00894629;
			remoteInfo = SwifteriOS;
		};
		31AE5A3423CE77D10096692C /* PBXContainerItemProxy */ = {
			isa = PBXContainerItemProxy;
			containerPortal = 31A88EDC232A0BE500E03AFE /* Swifter.xcodeproj */;
			proxyType = 2;
			remoteGlobalIDString = 8B9F51131944A61D00894629;
			remoteInfo = SwifterMac;
		};
		31AE5A3623CE77D10096692C /* PBXContainerItemProxy */ = {
			isa = PBXContainerItemProxy;
			containerPortal = 31A88EDC232A0BE500E03AFE /* Swifter.xcodeproj */;
			proxyType = 2;
			remoteGlobalIDString = 8B300C471944AECB00993175;
			remoteInfo = SwifterDemoMac;
		};
		31AE5A3823CE77D10096692C /* PBXContainerItemProxy */ = {
			isa = PBXContainerItemProxy;
			containerPortal = 31A88EDC232A0BE500E03AFE /* Swifter.xcodeproj */;
			proxyType = 2;
			remoteGlobalIDString = F6B4D5751C7BAC4500E06514;
			remoteInfo = SwifterTests;
		};
/* End PBXContainerItemProxy section */

/* Begin PBXCopyFilesBuildPhase section */
		31AE5A1923CE636A0096692C /* Embed Frameworks */ = {
			isa = PBXCopyFilesBuildPhase;
			buildActionMask = 2147483647;
			dstPath = "";
			dstSubfolderSpec = 10;
			files = (
				31AE5A1823CE636A0096692C /* SwifteriOS.framework in Embed Frameworks */,
			);
			name = "Embed Frameworks";
			runOnlyForDeploymentPostprocessing = 0;
		};
/* End PBXCopyFilesBuildPhase section */

/* Begin PBXFileReference section */
		2AC1F0494F5FCD6B6B347FA2 /* Pods-StockTweets.debug.xcconfig */ = {isa = PBXFileReference; includeInIndex = 1; lastKnownFileType = text.xcconfig; name = "Pods-StockTweets.debug.xcconfig"; path = "Target Support Files/Pods-StockTweets/Pods-StockTweets.debug.xcconfig"; sourceTree = "<group>"; };
		2C62DD8BA5F267EB55DA2904 /* Pods_StockTweets.framework */ = {isa = PBXFileReference; explicitFileType = wrapper.framework; includeInIndex = 0; path = Pods_StockTweets.framework; sourceTree = BUILT_PRODUCTS_DIR; };
		310D037E2329563C007E96B7 /* SoccerSentiment.app */ = {isa = PBXFileReference; explicitFileType = wrapper.application; includeInIndex = 0; path = SoccerSentiment.app; sourceTree = BUILT_PRODUCTS_DIR; };
		310D03812329563C007E96B7 /* AppDelegate.swift */ = {isa = PBXFileReference; lastKnownFileType = sourcecode.swift; path = AppDelegate.swift; sourceTree = "<group>"; };
		310D03832329563C007E96B7 /* ViewController.swift */ = {isa = PBXFileReference; lastKnownFileType = sourcecode.swift; path = ViewController.swift; sourceTree = "<group>"; };
		310D038B2329563D007E96B7 /* Assets.xcassets */ = {isa = PBXFileReference; lastKnownFileType = folder.assetcatalog; path = Assets.xcassets; sourceTree = "<group>"; };
		310D03902329563D007E96B7 /* Info.plist */ = {isa = PBXFileReference; lastKnownFileType = text.plist.xml; path = Info.plist; sourceTree = "<group>"; };
		31A88EDC232A0BE500E03AFE /* Swifter.xcodeproj */ = {isa = PBXFileReference; lastKnownFileType = "wrapper.pb-project"; name = Swifter.xcodeproj; path = ../Swifter/Swifter.xcodeproj; sourceTree = "<group>"; };
		31AE5A0523CE63470096692C /* Swifter.xcodeproj */ = {isa = PBXFileReference; lastKnownFileType = "wrapper.pb-project"; name = Swifter.xcodeproj; path = ../Swifter/Swifter.xcodeproj; sourceTree = "<group>"; };
		31AE5A4723CE7B2A0096692C /* PLSentimentClassifier.mlmodel */ = {isa = PBXFileReference; lastKnownFileType = file.mlmodel; path = PLSentimentClassifier.mlmodel; sourceTree = "<group>"; };
		31AE5A4923CE7B3D0096692C /* SoccerSentimentModel.playground */ = {isa = PBXFileReference; lastKnownFileType = file.playground; path = SoccerSentimentModel.playground; sourceTree = "<group>"; xcLanguageSpecificationIdentifier = xcode.lang.swift; };
		31C0F89A2333E09900DA9B21 /* Base */ = {isa = PBXFileReference; lastKnownFileType = file.storyboard; name = Base; path = Base.lproj/Main.storyboard; sourceTree = "<group>"; };
		31C0F89B2333E09900DA9B21 /* Base */ = {isa = PBXFileReference; lastKnownFileType = file.storyboard; name = Base; path = Base.lproj/LaunchScreen.storyboard; sourceTree = "<group>"; };
		89D7BEF3C55748C759B719E5 /* Pods-StockTweets.release.xcconfig */ = {isa = PBXFileReference; includeInIndex = 1; lastKnownFileType = text.xcconfig; name = "Pods-StockTweets.release.xcconfig"; path = "Target Support Files/Pods-StockTweets/Pods-StockTweets.release.xcconfig"; sourceTree = "<group>"; };
/* End PBXFileReference section */

/* Begin PBXFrameworksBuildPhase section */
		310D037B2329563C007E96B7 /* Frameworks */ = {
			isa = PBXFrameworksBuildPhase;
			buildActionMask = 2147483647;
			files = (
				5AAB5C58337E993AA5FD264F /* Pods_StockTweets.framework in Frameworks */,
				31AE5A1723CE636A0096692C /* SwifteriOS.framework in Frameworks */,
			);
			runOnlyForDeploymentPostprocessing = 0;
		};
/* End PBXFrameworksBuildPhase section */

/* Begin PBXGroup section */
		310D03752329563C007E96B7 = {
			isa = PBXGroup;
			children = (
				31A88EDC232A0BE500E03AFE /* Swifter.xcodeproj */,
				310D03802329563C007E96B7 /* StockTweets */,
				310D037F2329563C007E96B7 /* Products */,
				EAA7424999C688117C056BA9 /* Pods */,
				FB34411CD22EDBA91ACC802A /* Frameworks */,
			);
			sourceTree = "<group>";
		};
		310D037F2329563C007E96B7 /* Products */ = {
			isa = PBXGroup;
			children = (
				310D037E2329563C007E96B7 /* SoccerSentiment.app */,
			);
			name = Products;
			sourceTree = "<group>";
		};
		310D03802329563C007E96B7 /* StockTweets */ = {
			isa = PBXGroup;
			children = (
				31AE5A4723CE7B2A0096692C /* PLSentimentClassifier.mlmodel */,
				31AE5A4923CE7B3D0096692C /* SoccerSentimentModel.playground */,
				310D03812329563C007E96B7 /* AppDelegate.swift */,
				310D03832329563C007E96B7 /* ViewController.swift */,
				310D03852329563C007E96B7 /* Main.storyboard */,
				310D038B2329563D007E96B7 /* Assets.xcassets */,
				310D038D2329563D007E96B7 /* LaunchScreen.storyboard */,
				310D03902329563D007E96B7 /* Info.plist */,
			);
			name = StockTweets;
			path = SoccerSentiment;
			sourceTree = "<group>";
		};
		31AE5A0623CE63470096692C /* Products */ = {
			isa = PBXGroup;
			children = (
				31AE5A0E23CE63470096692C /* SwifterDemoiOS.app */,
				31AE5A1023CE63470096692C /* SwifteriOS.framework */,
				31AE5A1223CE63470096692C /* SwifterMac.framework */,
				31AE5A1423CE63470096692C /* SwifterDemoMac.app */,
				31AE5A1623CE63470096692C /* SwifterTests.xctest */,
			);
			name = Products;
			sourceTree = "<group>";
		};
		31AE5A2423CE77D10096692C /* Products */ = {
			isa = PBXGroup;
			children = (
				31AE5A3123CE77D10096692C /* SwifterDemoiOS.app */,
				31AE5A3323CE77D10096692C /* SwifteriOS.framework */,
				31AE5A3523CE77D10096692C /* SwifterMac.framework */,
				31AE5A3723CE77D10096692C /* SwifterDemoMac.app */,
				31AE5A3923CE77D10096692C /* SwifterTests.xctest */,
			);
			name = Products;
			sourceTree = "<group>";
		};
		EAA7424999C688117C056BA9 /* Pods */ = {
			isa = PBXGroup;
			children = (
				2AC1F0494F5FCD6B6B347FA2 /* Pods-StockTweets.debug.xcconfig */,
				89D7BEF3C55748C759B719E5 /* Pods-StockTweets.release.xcconfig */,
			);
			path = Pods;
			sourceTree = "<group>";
		};
		FB34411CD22EDBA91ACC802A /* Frameworks */ = {
			isa = PBXGroup;
			children = (
				31AE5A0523CE63470096692C /* Swifter.xcodeproj */,
				2C62DD8BA5F267EB55DA2904 /* Pods_StockTweets.framework */,
			);
			name = Frameworks;
			sourceTree = "<group>";
		};
/* End PBXGroup section */

/* Begin PBXNativeTarget section */
		310D037D2329563C007E96B7 /* StockTweets */ = {
			isa = PBXNativeTarget;
			buildConfigurationList = 310D03932329563D007E96B7 /* Build configuration list for PBXNativeTarget "StockTweets" */;
			buildPhases = (
				DA47A406CF803FD209F6A445 /* [CP] Check Pods Manifest.lock */,
				310D037A2329563C007E96B7 /* Sources */,
				310D037B2329563C007E96B7 /* Frameworks */,
				310D037C2329563C007E96B7 /* Resources */,
				03B61BA6575694E0A4214712 /* [CP] Embed Pods Frameworks */,
				31AE5A1923CE636A0096692C /* Embed Frameworks */,
			);
			buildRules = (
			);
			dependencies = (
			);
			name = StockTweets;
			productName = StockTweets;
			productReference = 310D037E2329563C007E96B7 /* SoccerSentiment.app */;
			productType = "com.apple.product-type.application";
		};
/* End PBXNativeTarget section */

/* Begin PBXProject section */
		310D03762329563C007E96B7 /* Project object */ = {
			isa = PBXProject;
			attributes = {
				LastSwiftUpdateCheck = 1030;
				LastUpgradeCheck = 1030;
				ORGANIZATIONNAME = "Nikhil D'Mello";
				TargetAttributes = {
					310D037D2329563C007E96B7 = {
						CreatedOnToolsVersion = 10.3;
					};
				};
			};
			buildConfigurationList = 310D03792329563C007E96B7 /* Build configuration list for PBXProject "SoccerSentiment" */;
			compatibilityVersion = "Xcode 9.3";
			developmentRegion = en;
			hasScannedForEncodings = 0;
			knownRegions = (
				en,
				Base,
			);
			mainGroup = 310D03752329563C007E96B7;
			productRefGroup = 310D037F2329563C007E96B7 /* Products */;
			projectDirPath = "";
			projectReferences = (
				{
					ProductGroup = 31AE5A0623CE63470096692C /* Products */;
					ProjectRef = 31AE5A0523CE63470096692C /* Swifter.xcodeproj */;
				},
				{
					ProductGroup = 31AE5A2423CE77D10096692C /* Products */;
					ProjectRef = 31A88EDC232A0BE500E03AFE /* Swifter.xcodeproj */;
				},
			);
			projectRoot = "";
			targets = (
				310D037D2329563C007E96B7 /* StockTweets */,
			);
		};
/* End PBXProject section */

/* Begin PBXReferenceProxy section */
		31AE5A0E23CE63470096692C /* SwifterDemoiOS.app */ = {
			isa = PBXReferenceProxy;
			fileType = wrapper.application;
			path = SwifterDemoiOS.app;
			remoteRef = 31AE5A0D23CE63470096692C /* PBXContainerItemProxy */;
			sourceTree = BUILT_PRODUCTS_DIR;
		};
		31AE5A1023CE63470096692C /* SwifteriOS.framework */ = {
			isa = PBXReferenceProxy;
			fileType = wrapper.framework;
			path = SwifteriOS.framework;
			remoteRef = 31AE5A0F23CE63470096692C /* PBXContainerItemProxy */;
			sourceTree = BUILT_PRODUCTS_DIR;
		};
		31AE5A1223CE63470096692C /* SwifterMac.framework */ = {
			isa = PBXReferenceProxy;
			fileType = wrapper.framework;
			path = SwifterMac.framework;
			remoteRef = 31AE5A1123CE63470096692C /* PBXContainerItemProxy */;
			sourceTree = BUILT_PRODUCTS_DIR;
		};
		31AE5A1423CE63470096692C /* SwifterDemoMac.app */ = {
			isa = PBXReferenceProxy;
			fileType = wrapper.application;
			path = SwifterDemoMac.app;
			remoteRef = 31AE5A1323CE63470096692C /* PBXContainerItemProxy */;
			sourceTree = BUILT_PRODUCTS_DIR;
		};
		31AE5A1623CE63470096692C /* SwifterTests.xctest */ = {
			isa = PBXReferenceProxy;
			fileType = wrapper.cfbundle;
			path = SwifterTests.xctest;
			remoteRef = 31AE5A1523CE63470096692C /* PBXContainerItemProxy */;
			sourceTree = BUILT_PRODUCTS_DIR;
		};
		31AE5A3123CE77D10096692C /* SwifterDemoiOS.app */ = {
			isa = PBXReferenceProxy;
			fileType = wrapper.application;
			path = SwifterDemoiOS.app;
			remoteRef = 31AE5A3023CE77D10096692C /* PBXContainerItemProxy */;
			sourceTree = BUILT_PRODUCTS_DIR;
		};
		31AE5A3323CE77D10096692C /* SwifteriOS.framework */ = {
			isa = PBXReferenceProxy;
			fileType = wrapper.framework;
			path = SwifteriOS.framework;
			remoteRef = 31AE5A3223CE77D10096692C /* PBXContainerItemProxy */;
			sourceTree = BUILT_PRODUCTS_DIR;
		};
		31AE5A3523CE77D10096692C /* SwifterMac.framework */ = {
			isa = PBXReferenceProxy;
			fileType = wrapper.framework;
			path = SwifterMac.framework;
			remoteRef = 31AE5A3423CE77D10096692C /* PBXContainerItemProxy */;
			sourceTree = BUILT_PRODUCTS_DIR;
		};
		31AE5A3723CE77D10096692C /* SwifterDemoMac.app */ = {
			isa = PBXReferenceProxy;
			fileType = wrapper.application;
			path = SwifterDemoMac.app;
			remoteRef = 31AE5A3623CE77D10096692C /* PBXContainerItemProxy */;
			sourceTree = BUILT_PRODUCTS_DIR;
		};
		31AE5A3923CE77D10096692C /* SwifterTests.xctest */ = {
			isa = PBXReferenceProxy;
			fileType = wrapper.cfbundle;
			path = SwifterTests.xctest;
			remoteRef = 31AE5A3823CE77D10096692C /* PBXContainerItemProxy */;
			sourceTree = BUILT_PRODUCTS_DIR;
		};
/* End PBXReferenceProxy section */

/* Begin PBXResourcesBuildPhase section */
		310D037C2329563C007E96B7 /* Resources */ = {
			isa = PBXResourcesBuildPhase;
			buildActionMask = 2147483647;
			files = (
				310D038F2329563D007E96B7 /* LaunchScreen.storyboard in Resources */,
				310D038C2329563D007E96B7 /* Assets.xcassets in Resources */,
				310D03872329563C007E96B7 /* Main.storyboard in Resources */,
			);
			runOnlyForDeploymentPostprocessing = 0;
		};
/* End PBXResourcesBuildPhase section */

/* Begin PBXShellScriptBuildPhase section */
		03B61BA6575694E0A4214712 /* [CP] Embed Pods Frameworks */ = {
			isa = PBXShellScriptBuildPhase;
			buildActionMask = 2147483647;
			files = (
			);
			inputFileListPaths = (
				"${PODS_ROOT}/Target Support Files/Pods-StockTweets/Pods-StockTweets-frameworks-${CONFIGURATION}-input-files.xcfilelist",
			);
			name = "[CP] Embed Pods Frameworks";
			outputFileListPaths = (
				"${PODS_ROOT}/Target Support Files/Pods-StockTweets/Pods-StockTweets-frameworks-${CONFIGURATION}-output-files.xcfilelist",
			);
			runOnlyForDeploymentPostprocessing = 0;
			shellPath = /bin/sh;
			shellScript = "\"${PODS_ROOT}/Target Support Files/Pods-StockTweets/Pods-StockTweets-frameworks.sh\"\n";
			showEnvVarsInLog = 0;
		};
		DA47A406CF803FD209F6A445 /* [CP] Check Pods Manifest.lock */ = {
			isa = PBXShellScriptBuildPhase;
			buildActionMask = 2147483647;
			files = (
			);
			inputFileListPaths = (
			);
			inputPaths = (
				"${PODS_PODFILE_DIR_PATH}/Podfile.lock",
				"${PODS_ROOT}/Manifest.lock",
			);
			name = "[CP] Check Pods Manifest.lock";
			outputFileListPaths = (
			);
			outputPaths = (
				"$(DERIVED_FILE_DIR)/Pods-StockTweets-checkManifestLockResult.txt",
			);
			runOnlyForDeploymentPostprocessing = 0;
			shellPath = /bin/sh;
			shellScript = "diff \"${PODS_PODFILE_DIR_PATH}/Podfile.lock\" \"${PODS_ROOT}/Manifest.lock\" > /dev/null\nif [ $? != 0 ] ; then\n    # print error to STDERR\n    echo \"error: The sandbox is not in sync with the Podfile.lock. Run 'pod install' or update your CocoaPods installation.\" >&2\n    exit 1\nfi\n# This output is used by Xcode 'outputs' to avoid re-running this script phase.\necho \"SUCCESS\" > \"${SCRIPT_OUTPUT_FILE_0}\"\n";
			showEnvVarsInLog = 0;
		};
/* End PBXShellScriptBuildPhase section */

/* Begin PBXSourcesBuildPhase section */
		310D037A2329563C007E96B7 /* Sources */ = {
			isa = PBXSourcesBuildPhase;
			buildActionMask = 2147483647;
			files = (
				310D03842329563C007E96B7 /* ViewController.swift in Sources */,
				31AE5A4823CE7B2A0096692C /* PLSentimentClassifier.mlmodel in Sources */,
				310D03822329563C007E96B7 /* AppDelegate.swift in Sources */,
			);
			runOnlyForDeploymentPostprocessing = 0;
		};
/* End PBXSourcesBuildPhase section */

/* Begin PBXVariantGroup section */
		310D03852329563C007E96B7 /* Main.storyboard */ = {
			isa = PBXVariantGroup;
			children = (
				31C0F89A2333E09900DA9B21 /* Base */,
			);
			name = Main.storyboard;
			sourceTree = "<group>";
		};
		310D038D2329563D007E96B7 /* LaunchScreen.storyboard */ = {
			isa = PBXVariantGroup;
			children = (
				31C0F89B2333E09900DA9B21 /* Base */,
			);
			name = LaunchScreen.storyboard;
			sourceTree = "<group>";
		};
/* End PBXVariantGroup section */

/* Begin XCBuildConfiguration section */
		310D03912329563D007E96B7 /* Debug */ = {
			isa = XCBuildConfiguration;
			buildSettings = {
				ALWAYS_EMBED_SWIFT_STANDARD_LIBRARIES = "$(inherited)";
				ALWAYS_SEARCH_USER_PATHS = "$(inherited)";
				CLANG_ANALYZER_NONNULL = YES;
				CLANG_ANALYZER_NUMBER_OBJECT_CONVERSION = YES_AGGRESSIVE;
				CLANG_CXX_LANGUAGE_STANDARD = "gnu++14";
				CLANG_CXX_LIBRARY = "libc++";
				CLANG_ENABLE_MODULES = YES;
				CLANG_ENABLE_OBJC_ARC = YES;
				CLANG_ENABLE_OBJC_WEAK = YES;
				CLANG_WARN_BLOCK_CAPTURE_AUTORELEASING = YES;
				CLANG_WARN_BOOL_CONVERSION = YES;
				CLANG_WARN_COMMA = YES;
				CLANG_WARN_CONSTANT_CONVERSION = YES;
				CLANG_WARN_DEPRECATED_OBJC_IMPLEMENTATIONS = YES;
				CLANG_WARN_DIRECT_OBJC_ISA_USAGE = YES_ERROR;
				CLANG_WARN_DOCUMENTATION_COMMENTS = YES;
				CLANG_WARN_EMPTY_BODY = YES;
				CLANG_WARN_ENUM_CONVERSION = YES;
				CLANG_WARN_INFINITE_RECURSION = YES;
				CLANG_WARN_INT_CONVERSION = YES;
				CLANG_WARN_NON_LITERAL_NULL_CONVERSION = YES;
				CLANG_WARN_OBJC_IMPLICIT_RETAIN_SELF = YES;
				CLANG_WARN_OBJC_LITERAL_CONVERSION = YES;
				CLANG_WARN_OBJC_ROOT_CLASS = YES_ERROR;
				CLANG_WARN_RANGE_LOOP_ANALYSIS = YES;
				CLANG_WARN_STRICT_PROTOTYPES = YES;
				CLANG_WARN_SUSPICIOUS_MOVE = YES;
				CLANG_WARN_UNGUARDED_AVAILABILITY = YES_AGGRESSIVE;
				CLANG_WARN_UNREACHABLE_CODE = YES;
				CLANG_WARN__DUPLICATE_METHOD_MATCH = YES;
				CODE_SIGN_IDENTITY = "iPhone Developer";
				COPY_PHASE_STRIP = NO;
				DEBUG_INFORMATION_FORMAT = dwarf;
				ENABLE_STRICT_OBJC_MSGSEND = YES;
				ENABLE_TESTABILITY = YES;
				GCC_C_LANGUAGE_STANDARD = gnu11;
				GCC_DYNAMIC_NO_PIC = NO;
				GCC_NO_COMMON_BLOCKS = YES;
				GCC_OPTIMIZATION_LEVEL = 0;
				GCC_PREPROCESSOR_DEFINITIONS = (
					"DEBUG=1",
					"$(inherited)",
				);
				GCC_WARN_64_TO_32_BIT_CONVERSION = YES;
				GCC_WARN_ABOUT_RETURN_TYPE = YES_ERROR;
				GCC_WARN_UNDECLARED_SELECTOR = YES;
				GCC_WARN_UNINITIALIZED_AUTOS = YES_AGGRESSIVE;
				GCC_WARN_UNUSED_FUNCTION = YES;
				GCC_WARN_UNUSED_VARIABLE = YES;
				IPHONEOS_DEPLOYMENT_TARGET = 12.4;
				LD_RUNPATH_SEARCH_PATHS = "$(inherited)";
				MTL_ENABLE_DEBUG_INFO = INCLUDE_SOURCE;
				MTL_FAST_MATH = YES;
				ONLY_ACTIVE_ARCH = YES;
				SDKROOT = iphoneos;
				SWIFT_ACTIVE_COMPILATION_CONDITIONS = DEBUG;
				SWIFT_OPTIMIZATION_LEVEL = "-Onone";
			};
			name = Debug;
		};
		310D03922329563D007E96B7 /* Release */ = {
			isa = XCBuildConfiguration;
			buildSettings = {
				ALWAYS_EMBED_SWIFT_STANDARD_LIBRARIES = "$(inherited)";
				ALWAYS_SEARCH_USER_PATHS = "$(inherited)";
				CLANG_ANALYZER_NONNULL = YES;
				CLANG_ANALYZER_NUMBER_OBJECT_CONVERSION = YES_AGGRESSIVE;
				CLANG_CXX_LANGUAGE_STANDARD = "gnu++14";
				CLANG_CXX_LIBRARY = "libc++";
				CLANG_ENABLE_MODULES = YES;
				CLANG_ENABLE_OBJC_ARC = YES;
				CLANG_ENABLE_OBJC_WEAK = YES;
				CLANG_WARN_BLOCK_CAPTURE_AUTORELEASING = YES;
				CLANG_WARN_BOOL_CONVERSION = YES;
				CLANG_WARN_COMMA = YES;
				CLANG_WARN_CONSTANT_CONVERSION = YES;
				CLANG_WARN_DEPRECATED_OBJC_IMPLEMENTATIONS = YES;
				CLANG_WARN_DIRECT_OBJC_ISA_USAGE = YES_ERROR;
				CLANG_WARN_DOCUMENTATION_COMMENTS = YES;
				CLANG_WARN_EMPTY_BODY = YES;
				CLANG_WARN_ENUM_CONVERSION = YES;
				CLANG_WARN_INFINITE_RECURSION = YES;
				CLANG_WARN_INT_CONVERSION = YES;
				CLANG_WARN_NON_LITERAL_NULL_CONVERSION = YES;
				CLANG_WARN_OBJC_IMPLICIT_RETAIN_SELF = YES;
				CLANG_WARN_OBJC_LITERAL_CONVERSION = YES;
				CLANG_WARN_OBJC_ROOT_CLASS = YES_ERROR;
				CLANG_WARN_RANGE_LOOP_ANALYSIS = YES;
				CLANG_WARN_STRICT_PROTOTYPES = YES;
				CLANG_WARN_SUSPICIOUS_MOVE = YES;
				CLANG_WARN_UNGUARDED_AVAILABILITY = YES_AGGRESSIVE;
				CLANG_WARN_UNREACHABLE_CODE = YES;
				CLANG_WARN__DUPLICATE_METHOD_MATCH = YES;
				CODE_SIGN_IDENTITY = "iPhone Developer";
				COPY_PHASE_STRIP = NO;
				DEBUG_INFORMATION_FORMAT = "dwarf-with-dsym";
				ENABLE_NS_ASSERTIONS = NO;
				ENABLE_STRICT_OBJC_MSGSEND = YES;
				GCC_C_LANGUAGE_STANDARD = gnu11;
				GCC_NO_COMMON_BLOCKS = YES;
				GCC_WARN_64_TO_32_BIT_CONVERSION = YES;
				GCC_WARN_ABOUT_RETURN_TYPE = YES_ERROR;
				GCC_WARN_UNDECLARED_SELECTOR = YES;
				GCC_WARN_UNINITIALIZED_AUTOS = YES_AGGRESSIVE;
				GCC_WARN_UNUSED_FUNCTION = YES;
				GCC_WARN_UNUSED_VARIABLE = YES;
				IPHONEOS_DEPLOYMENT_TARGET = 12.4;
				LD_RUNPATH_SEARCH_PATHS = "$(inherited)";
				MTL_ENABLE_DEBUG_INFO = NO;
				MTL_FAST_MATH = YES;
				SDKROOT = iphoneos;
				SWIFT_COMPILATION_MODE = wholemodule;
				SWIFT_OPTIMIZATION_LEVEL = "-O";
				VALIDATE_PRODUCT = YES;
			};
			name = Release;
		};
		310D03942329563D007E96B7 /* Debug */ = {
			isa = XCBuildConfiguration;
			baseConfigurationReference = 2AC1F0494F5FCD6B6B347FA2 /* Pods-StockTweets.debug.xcconfig */;
			buildSettings = {
				ASSETCATALOG_COMPILER_APPICON_NAME = AppIcon;
				CODE_SIGN_STYLE = Automatic;
				DEVELOPMENT_TEAM = 7R6Z67X5UU;
				INFOPLIST_FILE = SoccerSentiment/Info.plist;
				IPHONEOS_DEPLOYMENT_TARGET = 12.2;
				LD_RUNPATH_SEARCH_PATHS = (
					"$(inherited)",
					"@executable_path/Frameworks",
				);
				OTHER_SWIFT_FLAGS = "$(inherited)";
				PRODUCT_BUNDLE_IDENTIFIER = com.nikdmello.SoccerSentiment;
				PRODUCT_NAME = SoccerSentiment;
				SWIFT_VERSION = 5.0;
				TARGETED_DEVICE_FAMILY = 1;
			};
			name = Debug;
		};
		310D03952329563D007E96B7 /* Release */ = {
			isa = XCBuildConfiguration;
			baseConfigurationReference = 89D7BEF3C55748C759B719E5 /* Pods-StockTweets.release.xcconfig */;
			buildSettings = {
				ASSETCATALOG_COMPILER_APPICON_NAME = AppIcon;
				CODE_SIGN_STYLE = Automatic;
				DEVELOPMENT_TEAM = 7R6Z67X5UU;
				INFOPLIST_FILE = SoccerSentiment/Info.plist;
				IPHONEOS_DEPLOYMENT_TARGET = 12.2;
				LD_RUNPATH_SEARCH_PATHS = (
					"$(inherited)",
					"@executable_path/Frameworks",
				);
				OTHER_SWIFT_FLAGS = "$(inherited)";
				PRODUCT_BUNDLE_IDENTIFIER = com.nikdmello.SoccerSentiment;
				PRODUCT_NAME = SoccerSentiment;
				SWIFT_VERSION = 5.0;
				TARGETED_DEVICE_FAMILY = 1;
			};
			name = Release;
		};
/* End XCBuildConfiguration section */

/* Begin XCConfigurationList section */
		310D03792329563C007E96B7 /* Build configuration list for PBXProject "SoccerSentiment" */ = {
			isa = XCConfigurationList;
			buildConfigurations = (
				310D03912329563D007E96B7 /* Debug */,
				310D03922329563D007E96B7 /* Release */,
			);
			defaultConfigurationIsVisible = 0;
			defaultConfigurationName = Release;
		};
		310D03932329563D007E96B7 /* Build configuration list for PBXNativeTarget "StockTweets" */ = {
			isa = XCConfigurationList;
			buildConfigurations = (
				310D03942329563D007E96B7 /* Debug */,
				310D03952329563D007E96B7 /* Release */,
			);
			defaultConfigurationIsVisible = 0;
			defaultConfigurationName = Release;
		};
/* End XCConfigurationList section */
	};
	rootObject = 310D03762329563C007E96B7 /* Project object */;
}
